
Microsoft Visual Studio Solution File, Format Version 12.00
# Visual Studio Version 16
VisualStudioVersion = 25.0.1706.4
MinimumVisualStudioVersion = 10.0.40219.1
Project("{FAE04EC0-301F-11D3-BF4B-00C04F79EFBC}") = "TrainApi", "TrainApi\TrainApi.csproj", "{7DEC581A-EBA7-4BC6-A8A5-04C6AA959822}"
EndProject
Global
	GlobalSection(SolutionConfigurationPlatforms) = preSolution
		Debug|Any CPU = Debug|Any CPU
		Release|Any CPU = Release|Any CPU
	EndGlobalSection
	GlobalSection(ProjectConfigurationPlatforms) = postSolution
		{7DEC581A-EBA7-4BC6-A8A5-04C6AA959822}.Debug|Any CPU.ActiveCfg = Debug|Any CPU
		{7DEC581A-EBA7-4BC6-A8A5-04C6AA959822}.Debug|Any CPU.Build.0 = Debug|Any CPU
		{7DEC581A-EBA7-4BC6-A8A5-04C6AA959822}.Release|Any CPU.ActiveCfg = Release|Any CPU
		{7DEC581A-EBA7-4BC6-A8A5-04C6AA959822}.Release|Any CPU.Build.0 = Release|Any CPU
	EndGlobalSection
	GlobalSection(SolutionProperties) = preSolution
		HideSolutionNode = FALSE
	EndGlobalSection
	GlobalSection(ExtensibilityGlobals) = postSolution
		SolutionGuid = {683C20D1-89BB-475B-B015-5EB819DA45F6}
	EndGlobalSection
EndGlobal
